
Microsoft Visual Studio Solution File, Format Version 12.00
# Visual Studio Version 17
VisualStudioVersion = 17.14.36616.10 d17.14
MinimumVisualStudioVersion = 10.0.40219.1
Project("{8BC9CEB8-8B4A-11D0-8D11-00A0C91BC942}") = "LogMonitor", "LogMonitor\LogMonitor.vcxproj", "{4966CD1D-6EAC-47F9-86E8-186AAA08E809}"
EndProject
Global
	GlobalSection(SolutionConfigurationPlatforms) = preSolution
		Debug|x64 = Debug|x64
		Debug|x86 = Debug|x86
		Release|x64 = Release|x64
		Release|x86 = Release|x86
	EndGlobalSection
	GlobalSection(ProjectConfigurationPlatforms) = postSolution
		{4966CD1D-6EAC-47F9-86E8-186AAA08E809}.Debug|x64.ActiveCfg = Debug|x64
		{4966CD1D-6EAC-47F9-86E8-186AAA08E809}.Debug|x64.Build.0 = Debug|x64
		{4966CD1D-6EAC-47F9-86E8-186AAA08E809}.Debug|x86.ActiveCfg = Debug|Win32
		{4966CD1D-6EAC-47F9-86E8-186AAA08E809}.Debug|x86.Build.0 = Debug|Win32
		{4966CD1D-6EAC-47F9-86E8-186AAA08E809}.Release|x64.ActiveCfg = Release|x64
		{4966CD1D-6EAC-47F9-86E8-186AAA08E809}.Release|x64.Build.0 = Release|x64
		{4966CD1D-6EAC-47F9-86E8-186AAA08E809}.Release|x86.ActiveCfg = Release|Win32
		{4966CD1D-6EAC-47F9-86E8-186AAA08E809}.Release|x86.Build.0 = Release|Win32
	EndGlobalSection
	GlobalSection(SolutionProperties) = preSolution
		HideSolutionNode = FALSE
	EndGlobalSection
	GlobalSection(ExtensibilityGlobals) = postSolution
		SolutionGuid = {CFD4CC13-B17A-40F9-9494-2DDD3910FA50}
	EndGlobalSection
EndGlobal
